
Microsoft Visual Studio Solution File, Format Version 12.00
# Visual Studio Version 17
VisualStudioVersion = 17.10.34928.147
MinimumVisualStudioVersion = 10.0.40219.1
Project("{9A19103F-16F7-4668-BE54-9A1E7A4F7556}") = "Northwind.EntityModels.Sqlite", "Northwind.EntityModels.Sqlite\Northwind.EntityModels.Sqlite.csproj", "{034D4682-A345-4D4E-81E9-A472CD3E8769}"
EndProject
Project("{9A19103F-16F7-4668-BE54-9A1E7A4F7556}") = "Northwind.DataContext.Sqlite", "Northwind.DataContext.Sqlite\Northwind.DataContext.Sqlite.csproj", "{03B5B7F6-24DA-41C8-9DC2-B2BA8A93C486}"
EndProject
Project("{9A19103F-16F7-4668-BE54-9A1E7A4F7556}") = "Northwind.UnitTests", "Northwind.UnitTests\Northwind.UnitTests.csproj", "{AA066803-11B1-40A5-B0F0-F482A0100702}"
EndProject
Project("{9A19103F-16F7-4668-BE54-9A1E7A4F7556}") = "Northwind.Web", "Northwind.Web\Northwind.Web.csproj", "{D5E3484D-88C2-4964-ACA7-B595EB0FA81C}"
EndProject
Global
	GlobalSection(SolutionConfigurationPlatforms) = preSolution
		Debug|Any CPU = Debug|Any CPU
		Release|Any CPU = Release|Any CPU
	EndGlobalSection
	GlobalSection(ProjectConfigurationPlatforms) = postSolution
		{034D4682-A345-4D4E-81E9-A472CD3E8769}.Debug|Any CPU.ActiveCfg = Debug|Any CPU
		{034D4682-A345-4D4E-81E9-A472CD3E8769}.Debug|Any CPU.Build.0 = Debug|Any CPU
		{034D4682-A345-4D4E-81E9-A472CD3E8769}.Release|Any CPU.ActiveCfg = Release|Any CPU
		{034D4682-A345-4D4E-81E9-A472CD3E8769}.Release|Any CPU.Build.0 = Release|Any CPU
		{03B5B7F6-24DA-41C8-9DC2-B2BA8A93C486}.Debug|Any CPU.ActiveCfg = Debug|Any CPU
		{03B5B7F6-24DA-41C8-9DC2-B2BA8A93C486}.Debug|Any CPU.Build.0 = Debug|Any CPU
		{03B5B7F6-24DA-41C8-9DC2-B2BA8A93C486}.Release|Any CPU.ActiveCfg = Release|Any CPU
		{03B5B7F6-24DA-41C8-9DC2-B2BA8A93C486}.Release|Any CPU.Build.0 = Release|Any CPU
		{AA066803-11B1-40A5-B0F0-F482A0100702}.Debug|Any CPU.ActiveCfg = Debug|Any CPU
		{AA066803-11B1-40A5-B0F0-F482A0100702}.Debug|Any CPU.Build.0 = Debug|Any CPU
		{AA066803-11B1-40A5-B0F0-F482A0100702}.Release|Any CPU.ActiveCfg = Release|Any CPU
		{AA066803-11B1-40A5-B0F0-F482A0100702}.Release|Any CPU.Build.0 = Release|Any CPU
		{D5E3484D-88C2-4964-ACA7-B595EB0FA81C}.Debug|Any CPU.ActiveCfg = Debug|Any CPU
		{D5E3484D-88C2-4964-ACA7-B595EB0FA81C}.Debug|Any CPU.Build.0 = Debug|Any CPU
		{D5E3484D-88C2-4964-ACA7-B595EB0FA81C}.Release|Any CPU.ActiveCfg = Release|Any CPU
		{D5E3484D-88C2-4964-ACA7-B595EB0FA81C}.Release|Any CPU.Build.0 = Release|Any CPU
	EndGlobalSection
	GlobalSection(SolutionProperties) = preSolution
		HideSolutionNode = FALSE
	EndGlobalSection
	GlobalSection(ExtensibilityGlobals) = postSolution
		SolutionGuid = {4B8EF8C7-8631-49D6-B708-AE74673ECA1C}
	EndGlobalSection
EndGlobal
