
Microsoft Visual Studio Solution File, Format Version 12.00
# Visual Studio Version 17
VisualStudioVersion = 17.10.34928.147
MinimumVisualStudioVersion = 10.0.40219.1
Project("{9A19103F-16F7-4668-BE54-9A1E7A4F7556}") = "PacktLibrary", "PacktLibrary\PacktLibrary.csproj", "{1924E22C-8E02-4BC3-9837-1778A644CE1D}"
EndProject
Project("{9A19103F-16F7-4668-BE54-9A1E7A4F7556}") = "PeopleApp", "PeopleApp\PeopleApp.csproj", "{5B33554B-ABA5-4A7E-81BB-3D195CC16C25}"
EndProject
Project("{FAE04EC0-301F-11D3-BF4B-00C04F79EFBC}") = "NullHandling", "NullHandling\NullHandling.csproj", "{285AFE92-9CB9-4467-9EB0-B9EBF97A4350}"
EndProject
Project("{FAE04EC0-301F-11D3-BF4B-00C04F79EFBC}") = "Ch06Ex02Inheritance", "Ch06Ex02Inheritance\Ch06Ex02Inheritance.csproj", "{75DACCD2-973D-4AE1-84C4-4DBD6851F3DE}"
EndProject
Global
	GlobalSection(SolutionConfigurationPlatforms) = preSolution
		Debug|Any CPU = Debug|Any CPU
		Release|Any CPU = Release|Any CPU
	EndGlobalSection
	GlobalSection(ProjectConfigurationPlatforms) = postSolution
		{1924E22C-8E02-4BC3-9837-1778A644CE1D}.Debug|Any CPU.ActiveCfg = Debug|Any CPU
		{1924E22C-8E02-4BC3-9837-1778A644CE1D}.Debug|Any CPU.Build.0 = Debug|Any CPU
		{1924E22C-8E02-4BC3-9837-1778A644CE1D}.Release|Any CPU.ActiveCfg = Release|Any CPU
		{1924E22C-8E02-4BC3-9837-1778A644CE1D}.Release|Any CPU.Build.0 = Release|Any CPU
		{5B33554B-ABA5-4A7E-81BB-3D195CC16C25}.Debug|Any CPU.ActiveCfg = Debug|Any CPU
		{5B33554B-ABA5-4A7E-81BB-3D195CC16C25}.Debug|Any CPU.Build.0 = Debug|Any CPU
		{5B33554B-ABA5-4A7E-81BB-3D195CC16C25}.Release|Any CPU.ActiveCfg = Release|Any CPU
		{5B33554B-ABA5-4A7E-81BB-3D195CC16C25}.Release|Any CPU.Build.0 = Release|Any CPU
		{285AFE92-9CB9-4467-9EB0-B9EBF97A4350}.Debug|Any CPU.ActiveCfg = Debug|Any CPU
		{285AFE92-9CB9-4467-9EB0-B9EBF97A4350}.Debug|Any CPU.Build.0 = Debug|Any CPU
		{285AFE92-9CB9-4467-9EB0-B9EBF97A4350}.Release|Any CPU.ActiveCfg = Release|Any CPU
		{285AFE92-9CB9-4467-9EB0-B9EBF97A4350}.Release|Any CPU.Build.0 = Release|Any CPU
		{75DACCD2-973D-4AE1-84C4-4DBD6851F3DE}.Debug|Any CPU.ActiveCfg = Debug|Any CPU
		{75DACCD2-973D-4AE1-84C4-4DBD6851F3DE}.Debug|Any CPU.Build.0 = Debug|Any CPU
		{75DACCD2-973D-4AE1-84C4-4DBD6851F3DE}.Release|Any CPU.ActiveCfg = Release|Any CPU
		{75DACCD2-973D-4AE1-84C4-4DBD6851F3DE}.Release|Any CPU.Build.0 = Release|Any CPU
	EndGlobalSection
	GlobalSection(SolutionProperties) = preSolution
		HideSolutionNode = FALSE
	EndGlobalSection
	GlobalSection(ExtensibilityGlobals) = postSolution
		SolutionGuid = {4B627EAA-AAFC-42FD-91FF-FEB0A4E7745E}
	EndGlobalSection
EndGlobal
