
Microsoft Visual Studio Solution File, Format Version 12.00
# Visual Studio Version 17
VisualStudioVersion = 17.10.34928.147
MinimumVisualStudioVersion = 10.0.40219.1
Project("{FAE04EC0-301F-11D3-BF4B-00C04F79EFBC}") = "Vocabulary", "Vocabulary\Vocabulary.csproj", "{83659B63-BA86-4157-B68F-A523CDF8C0FA}"
EndProject
Project("{FAE04EC0-301F-11D3-BF4B-00C04F79EFBC}") = "Numbers", "Numbers\Numbers.csproj", "{D9F9D09A-847B-4DFF-A050-124FC7B6EF4B}"
EndProject
Global
	GlobalSection(SolutionConfigurationPlatforms) = preSolution
		Debug|Any CPU = Debug|Any CPU
		Release|Any CPU = Release|Any CPU
	EndGlobalSection
	GlobalSection(ProjectConfigurationPlatforms) = postSolution
		{83659B63-BA86-4157-B68F-A523CDF8C0FA}.Debug|Any CPU.ActiveCfg = Debug|Any CPU
		{83659B63-BA86-4157-B68F-A523CDF8C0FA}.Debug|Any CPU.Build.0 = Debug|Any CPU
		{83659B63-BA86-4157-B68F-A523CDF8C0FA}.Release|Any CPU.ActiveCfg = Release|Any CPU
		{83659B63-BA86-4157-B68F-A523CDF8C0FA}.Release|Any CPU.Build.0 = Release|Any CPU
		{D9F9D09A-847B-4DFF-A050-124FC7B6EF4B}.Debug|Any CPU.ActiveCfg = Debug|Any CPU
		{D9F9D09A-847B-4DFF-A050-124FC7B6EF4B}.Debug|Any CPU.Build.0 = Debug|Any CPU
		{D9F9D09A-847B-4DFF-A050-124FC7B6EF4B}.Release|Any CPU.ActiveCfg = Release|Any CPU
		{D9F9D09A-847B-4DFF-A050-124FC7B6EF4B}.Release|Any CPU.Build.0 = Release|Any CPU
	EndGlobalSection
	GlobalSection(SolutionProperties) = preSolution
		HideSolutionNode = FALSE
	EndGlobalSection
	GlobalSection(ExtensibilityGlobals) = postSolution
		SolutionGuid = {0A5C45D4-AA5E-4F74-87C7-115C1A47BA39}
	EndGlobalSection
EndGlobal
