
Microsoft Visual Studio Solution File, Format Version 12.00
# Visual Studio Version 17
VisualStudioVersion = 17.10.34928.147
MinimumVisualStudioVersion = 10.0.40219.1
Project("{FAE04EC0-301F-11D3-BF4B-00C04F79EFBC}") = "TopLevelFunctions", "TopLevelFunctions\TopLevelFunctions.csproj", "{CBD41644-D214-440F-A5BA-8E2D3E4E0EED}"
EndProject
Global
	GlobalSection(SolutionConfigurationPlatforms) = preSolution
		Debug|Any CPU = Debug|Any CPU
		Release|Any CPU = Release|Any CPU
	EndGlobalSection
	GlobalSection(ProjectConfigurationPlatforms) = postSolution
		{CBD41644-D214-440F-A5BA-8E2D3E4E0EED}.Debug|Any CPU.ActiveCfg = Debug|Any CPU
		{CBD41644-D214-440F-A5BA-8E2D3E4E0EED}.Debug|Any CPU.Build.0 = Debug|Any CPU
		{CBD41644-D214-440F-A5BA-8E2D3E4E0EED}.Release|Any CPU.ActiveCfg = Release|Any CPU
		{CBD41644-D214-440F-A5BA-8E2D3E4E0EED}.Release|Any CPU.Build.0 = Release|Any CPU
	EndGlobalSection
	GlobalSection(SolutionProperties) = preSolution
		HideSolutionNode = FALSE
	EndGlobalSection
	GlobalSection(ExtensibilityGlobals) = postSolution
		SolutionGuid = {33BB367F-1622-4213-AE88-392CBDFC3CC3}
	EndGlobalSection
EndGlobal
