
Microsoft Visual Studio Solution File, Format Version 12.00
# Visual Studio Version 17
VisualStudioVersion = 17.10.34928.147
MinimumVisualStudioVersion = 10.0.40219.1
Project("{FAE04EC0-301F-11D3-BF4B-00C04F79EFBC}") = "TopLevelFunctions", "TopLevelFunctions\TopLevelFunctions.csproj", "{CBD41644-D214-440F-A5BA-8E2D3E4E0EED}"
EndProject
Project("{FAE04EC0-301F-11D3-BF4B-00C04F79EFBC}") = "WritingFunctions", "WritingFunctions\WritingFunctions.csproj", "{D0D56161-9547-4D1A-87FB-11A21AA4C171}"
EndProject
Project("{FAE04EC0-301F-11D3-BF4B-00C04F79EFBC}") = "Debugging", "Debugging\Debugging.csproj", "{7B467874-A898-4CF7-99C8-1D527F747C47}"
EndProject
Project("{FAE04EC0-301F-11D3-BF4B-00C04F79EFBC}") = "HotReloading", "HotReloading\HotReloading.csproj", "{B4269DBE-C165-4C93-9371-67FA1854C6B9}"
EndProject
Project("{FAE04EC0-301F-11D3-BF4B-00C04F79EFBC}") = "Instrumenting", "Instrumenting\Instrumenting.csproj", "{85A23555-AA9D-4BA1-83F9-92FE54C7948B}"
EndProject
Global
	GlobalSection(SolutionConfigurationPlatforms) = preSolution
		Debug|Any CPU = Debug|Any CPU
		Release|Any CPU = Release|Any CPU
	EndGlobalSection
	GlobalSection(ProjectConfigurationPlatforms) = postSolution
		{CBD41644-D214-440F-A5BA-8E2D3E4E0EED}.Debug|Any CPU.ActiveCfg = Debug|Any CPU
		{CBD41644-D214-440F-A5BA-8E2D3E4E0EED}.Debug|Any CPU.Build.0 = Debug|Any CPU
		{CBD41644-D214-440F-A5BA-8E2D3E4E0EED}.Release|Any CPU.ActiveCfg = Release|Any CPU
		{CBD41644-D214-440F-A5BA-8E2D3E4E0EED}.Release|Any CPU.Build.0 = Release|Any CPU
		{D0D56161-9547-4D1A-87FB-11A21AA4C171}.Debug|Any CPU.ActiveCfg = Debug|Any CPU
		{D0D56161-9547-4D1A-87FB-11A21AA4C171}.Debug|Any CPU.Build.0 = Debug|Any CPU
		{D0D56161-9547-4D1A-87FB-11A21AA4C171}.Release|Any CPU.ActiveCfg = Release|Any CPU
		{D0D56161-9547-4D1A-87FB-11A21AA4C171}.Release|Any CPU.Build.0 = Release|Any CPU
		{7B467874-A898-4CF7-99C8-1D527F747C47}.Debug|Any CPU.ActiveCfg = Debug|Any CPU
		{7B467874-A898-4CF7-99C8-1D527F747C47}.Debug|Any CPU.Build.0 = Debug|Any CPU
		{7B467874-A898-4CF7-99C8-1D527F747C47}.Release|Any CPU.ActiveCfg = Release|Any CPU
		{7B467874-A898-4CF7-99C8-1D527F747C47}.Release|Any CPU.Build.0 = Release|Any CPU
		{B4269DBE-C165-4C93-9371-67FA1854C6B9}.Debug|Any CPU.ActiveCfg = Debug|Any CPU
		{B4269DBE-C165-4C93-9371-67FA1854C6B9}.Debug|Any CPU.Build.0 = Debug|Any CPU
		{B4269DBE-C165-4C93-9371-67FA1854C6B9}.Release|Any CPU.ActiveCfg = Release|Any CPU
		{B4269DBE-C165-4C93-9371-67FA1854C6B9}.Release|Any CPU.Build.0 = Release|Any CPU
		{85A23555-AA9D-4BA1-83F9-92FE54C7948B}.Debug|Any CPU.ActiveCfg = Debug|Any CPU
		{85A23555-AA9D-4BA1-83F9-92FE54C7948B}.Debug|Any CPU.Build.0 = Debug|Any CPU
		{85A23555-AA9D-4BA1-83F9-92FE54C7948B}.Release|Any CPU.ActiveCfg = Release|Any CPU
		{85A23555-AA9D-4BA1-83F9-92FE54C7948B}.Release|Any CPU.Build.0 = Release|Any CPU
	EndGlobalSection
	GlobalSection(SolutionProperties) = preSolution
		HideSolutionNode = FALSE
	EndGlobalSection
	GlobalSection(ExtensibilityGlobals) = postSolution
		SolutionGuid = {33BB367F-1622-4213-AE88-392CBDFC3CC3}
	EndGlobalSection
EndGlobal
