
Microsoft Visual Studio Solution File, Format Version 12.00
# Visual Studio Version 17
VisualStudioVersion = 17.10.34928.147
MinimumVisualStudioVersion = 10.0.40219.1
Project("{FAE04EC0-301F-11D3-BF4B-00C04F79EFBC}") = "HelloCS", "HelloCS\HelloCS.csproj", "{086A8420-E8C3-4778-8646-C452AD991D2E}"
EndProject
Project("{FAE04EC0-301F-11D3-BF4B-00C04F79EFBC}") = "AboutMyEnvironment", "AboutMyEnvironment\AboutMyEnvironment.csproj", "{38500660-90C5-4804-ACD3-18A52F1D2AF4}"
EndProject
Global
	GlobalSection(SolutionConfigurationPlatforms) = preSolution
		Debug|Any CPU = Debug|Any CPU
		Release|Any CPU = Release|Any CPU
	EndGlobalSection
	GlobalSection(ProjectConfigurationPlatforms) = postSolution
		{086A8420-E8C3-4778-8646-C452AD991D2E}.Debug|Any CPU.ActiveCfg = Debug|Any CPU
		{086A8420-E8C3-4778-8646-C452AD991D2E}.Debug|Any CPU.Build.0 = Debug|Any CPU
		{086A8420-E8C3-4778-8646-C452AD991D2E}.Release|Any CPU.ActiveCfg = Release|Any CPU
		{086A8420-E8C3-4778-8646-C452AD991D2E}.Release|Any CPU.Build.0 = Release|Any CPU
		{38500660-90C5-4804-ACD3-18A52F1D2AF4}.Debug|Any CPU.ActiveCfg = Debug|Any CPU
		{38500660-90C5-4804-ACD3-18A52F1D2AF4}.Debug|Any CPU.Build.0 = Debug|Any CPU
		{38500660-90C5-4804-ACD3-18A52F1D2AF4}.Release|Any CPU.ActiveCfg = Release|Any CPU
		{38500660-90C5-4804-ACD3-18A52F1D2AF4}.Release|Any CPU.Build.0 = Release|Any CPU
	EndGlobalSection
	GlobalSection(SolutionProperties) = preSolution
		HideSolutionNode = FALSE
	EndGlobalSection
	GlobalSection(ExtensibilityGlobals) = postSolution
		SolutionGuid = {30562E1C-02BF-4A31-987A-CF3C344F6A76}
	EndGlobalSection
EndGlobal
