
Microsoft Visual Studio Solution File, Format Version 12.00
# Visual Studio Version 17
VisualStudioVersion = 17.10.34928.147
MinimumVisualStudioVersion = 10.0.40219.1
Project("{FAE04EC0-301F-11D3-BF4B-00C04F79EFBC}") = "WorkingWithFileSystem", "WorkingWithFileSystem\WorkingWithFileSystem.csproj", "{88D8D44D-BB13-4071-A7C9-125201A6357B}"
EndProject
Project("{FAE04EC0-301F-11D3-BF4B-00C04F79EFBC}") = "WorkingWithStreams", "WorkingWithStreams\WorkingWithStreams.csproj", "{9A973BE2-78A3-4ABB-9991-2C97468CC4EB}"
EndProject
Project("{FAE04EC0-301F-11D3-BF4B-00C04F79EFBC}") = "WorkingWithRandomAccess", "WorkingWithRandomAccess\WorkingWithRandomAccess.csproj", "{878E5AE5-9C25-430C-86DE-C10145B71BFF}"
EndProject
Project("{FAE04EC0-301F-11D3-BF4B-00C04F79EFBC}") = "WorkingWithEncodings", "WorkingWithEncodings\WorkingWithEncodings.csproj", "{33D7FAE0-B531-4C7F-BA80-6D9898D5D04F}"
EndProject
Global
	GlobalSection(SolutionConfigurationPlatforms) = preSolution
		Debug|Any CPU = Debug|Any CPU
		Release|Any CPU = Release|Any CPU
	EndGlobalSection
	GlobalSection(ProjectConfigurationPlatforms) = postSolution
		{88D8D44D-BB13-4071-A7C9-125201A6357B}.Debug|Any CPU.ActiveCfg = Debug|Any CPU
		{88D8D44D-BB13-4071-A7C9-125201A6357B}.Debug|Any CPU.Build.0 = Debug|Any CPU
		{88D8D44D-BB13-4071-A7C9-125201A6357B}.Release|Any CPU.ActiveCfg = Release|Any CPU
		{88D8D44D-BB13-4071-A7C9-125201A6357B}.Release|Any CPU.Build.0 = Release|Any CPU
		{9A973BE2-78A3-4ABB-9991-2C97468CC4EB}.Debug|Any CPU.ActiveCfg = Debug|Any CPU
		{9A973BE2-78A3-4ABB-9991-2C97468CC4EB}.Debug|Any CPU.Build.0 = Debug|Any CPU
		{9A973BE2-78A3-4ABB-9991-2C97468CC4EB}.Release|Any CPU.ActiveCfg = Release|Any CPU
		{9A973BE2-78A3-4ABB-9991-2C97468CC4EB}.Release|Any CPU.Build.0 = Release|Any CPU
		{878E5AE5-9C25-430C-86DE-C10145B71BFF}.Debug|Any CPU.ActiveCfg = Debug|Any CPU
		{878E5AE5-9C25-430C-86DE-C10145B71BFF}.Debug|Any CPU.Build.0 = Debug|Any CPU
		{878E5AE5-9C25-430C-86DE-C10145B71BFF}.Release|Any CPU.ActiveCfg = Release|Any CPU
		{878E5AE5-9C25-430C-86DE-C10145B71BFF}.Release|Any CPU.Build.0 = Release|Any CPU
		{33D7FAE0-B531-4C7F-BA80-6D9898D5D04F}.Debug|Any CPU.ActiveCfg = Debug|Any CPU
		{33D7FAE0-B531-4C7F-BA80-6D9898D5D04F}.Debug|Any CPU.Build.0 = Debug|Any CPU
		{33D7FAE0-B531-4C7F-BA80-6D9898D5D04F}.Release|Any CPU.ActiveCfg = Release|Any CPU
		{33D7FAE0-B531-4C7F-BA80-6D9898D5D04F}.Release|Any CPU.Build.0 = Release|Any CPU
	EndGlobalSection
	GlobalSection(SolutionProperties) = preSolution
		HideSolutionNode = FALSE
	EndGlobalSection
	GlobalSection(ExtensibilityGlobals) = postSolution
		SolutionGuid = {66437B1D-F4D7-4C9D-AF2B-1A5C14727F6C}
	EndGlobalSection
EndGlobal
